
Microsoft Visual Studio Solution File, Format Version 12.00
# Visual Studio Version 16
VisualStudioVersion = 16.0.29306.81
MinimumVisualStudioVersion = 10.0.40219.1
Project("{9A19103F-16F7-4668-BE54-9A1E7A4F7556}") = "MOI.Dashboard", "MOI.Dashboard\MOI.Dashboard.csproj", "{16C70E33-77D2-4798-8A0D-5C6B2A7D93B0}"
EndProject
Global
	GlobalSection(SolutionConfigurationPlatforms) = preSolution
		Debug|Any CPU = Debug|Any CPU
		Release|Any CPU = Release|Any CPU
	EndGlobalSection
	GlobalSection(ProjectConfigurationPlatforms) = postSolution
		{16C70E33-77D2-4798-8A0D-5C6B2A7D93B0}.Debug|Any CPU.ActiveCfg = Debug|Any CPU
		{16C70E33-77D2-4798-8A0D-5C6B2A7D93B0}.Debug|Any CPU.Build.0 = Debug|Any CPU
		{16C70E33-77D2-4798-8A0D-5C6B2A7D93B0}.Release|Any CPU.ActiveCfg = Release|Any CPU
		{16C70E33-77D2-4798-8A0D-5C6B2A7D93B0}.Release|Any CPU.Build.0 = Release|Any CPU
	EndGlobalSection
	GlobalSection(SolutionProperties) = preSolution
		HideSolutionNode = FALSE
	EndGlobalSection
	GlobalSection(ExtensibilityGlobals) = postSolution
		SolutionGuid = {C9A22749-1280-4883-BEDE-5A7AA96A0494}
	EndGlobalSection
EndGlobal
